version = 1
revision = 3
requires-python = ">=3.10"

[[package]]
name = "maliput"
version = "1.15.0"
source = { registry = "https://pypi.org/simple" }
wheels = [
    { url = "https://files.pythonhosted.org/packages/58/24/18c1b6d0793159c8ba6a78a7d4ec801677edb06d14be841e9aef3aeac9dc/maliput-1.15.0-cp310-cp310-manylinux_2_27_x86_64.manylinux_2_28_x86_64.whl", hash = "sha256:116a00c4747daa81a60aa7699706c90f41b152f5a7631b24741b5de00fa43a04", size = 1487965, upload-time = "2026-03-31T17:24:56.331Z" },
]

[[package]]
name = "maliput-malidrive"
version = "0.21.0"
source = { registry = "https://pypi.org/simple" }
wheels = [
    { url = "https://files.pythonhosted.org/packages/e5/93/ed1996c6dac7acd76e6d52d36f4f811292f6256c7b8573a17deb96dfe6df/maliput_malidrive-0.21.0-cp310-cp310-manylinux_2_27_x86_64.manylinux_2_28_x86_64.whl", hash = "sha256:f2f6dab6fd9c0480bd3ed9fdb3397116e6030a23a40ba05b2fb346c20bfdf3c3", size = 3236484, upload-time = "2026-03-31T17:25:13.215Z" },
]

[[package]]
name = "maliput-malidrive-to-gpkg"
version = "0.1.0"
source = { editable = "." }
dependencies = [
    { name = "maliput" },
    { name = "maliput-malidrive" },
]

[package.metadata]
requires-dist = [
    { name = "maliput", specifier = ">=1.15.0" },
    { name = "maliput-malidrive", specifier = ">=0.21.0" },
]
